
Microsoft Visual Studio Solution File, Format Version 12.00
# Visual Studio 15
VisualStudioVersion = 15.0.28307.438
MinimumVisualStudioVersion = 10.0.40219.1
Project("{FAE04EC0-301F-11D3-BF4B-00C04F79EFBC}") = "Blockchain", "Blockchain\Blockchain.csproj", "{CDBC7E37-0336-47FF-8340-07770C30199F}"
EndProject
Global
	GlobalSection(SolutionConfigurationPlatforms) = preSolution
		Debug|Any CPU = Debug|Any CPU
		Release|Any CPU = Release|Any CPU
	EndGlobalSection
	GlobalSection(ProjectConfigurationPlatforms) = postSolution
		{CDBC7E37-0336-47FF-8340-07770C30199F}.Debug|Any CPU.ActiveCfg = Debug|Any CPU
		{CDBC7E37-0336-47FF-8340-07770C30199F}.Debug|Any CPU.Build.0 = Debug|Any CPU
		{CDBC7E37-0336-47FF-8340-07770C30199F}.Release|Any CPU.ActiveCfg = Release|Any CPU
		{CDBC7E37-0336-47FF-8340-07770C30199F}.Release|Any CPU.Build.0 = Release|Any CPU
	EndGlobalSection
	GlobalSection(SolutionProperties) = preSolution
		HideSolutionNode = FALSE
	EndGlobalSection
	GlobalSection(ExtensibilityGlobals) = postSolution
		SolutionGuid = {87D90BDD-192B-4936-B615-A916A23DAE7A}
	EndGlobalSection
EndGlobal
